
Microsoft Visual Studio Solution File, Format Version 12.00
# Visual Studio 2015
Project("{FAE04EC0-301F-11D3-BF4B-00C04F79EFBC}") = "Roll a ball.CSharp", "Roll a ball.CSharp.csproj", "{EE231C23-FFC5-369A-0FDD-8838E926E158}"
EndProject
Global
	GlobalSection(SolutionConfigurationPlatforms) = preSolution
		Debug|Any CPU = Debug|Any CPU
		Release|Any CPU = Release|Any CPU
	EndGlobalSection
	GlobalSection(ProjectConfigurationPlatforms) = postSolution
		{EE231C23-FFC5-369A-0FDD-8838E926E158}.Debug|Any CPU.ActiveCfg = Debug|Any CPU
		{EE231C23-FFC5-369A-0FDD-8838E926E158}.Debug|Any CPU.Build.0 = Debug|Any CPU
		{EE231C23-FFC5-369A-0FDD-8838E926E158}.Release|Any CPU.ActiveCfg = Release|Any CPU
		{EE231C23-FFC5-369A-0FDD-8838E926E158}.Release|Any CPU.Build.0 = Release|Any CPU
	EndGlobalSection
	GlobalSection(SolutionProperties) = preSolution
		HideSolutionNode = FALSE
	EndGlobalSection
EndGlobal
